
Microsoft Visual Studio Solution File, Format Version 12.00
# Visual Studio Version 16
VisualStudioVersion = 16.0.29201.188
MinimumVisualStudioVersion = 10.0.40219.1
Project("{FAE04EC0-301F-11D3-BF4B-00C04F79EFBC}") = "Demo_3cX_Listener", "Demo_3cX_Listener.csproj", "{993DB563-4529-44C3-8A02-456DC7928B14}"
EndProject
Global
	GlobalSection(SolutionConfigurationPlatforms) = preSolution
		Debug|Any CPU = Debug|Any CPU
		Release|Any CPU = Release|Any CPU
	EndGlobalSection
	GlobalSection(ProjectConfigurationPlatforms) = postSolution
		{993DB563-4529-44C3-8A02-456DC7928B14}.Debug|Any CPU.ActiveCfg = Debug|Any CPU
		{993DB563-4529-44C3-8A02-456DC7928B14}.Debug|Any CPU.Build.0 = Debug|Any CPU
		{993DB563-4529-44C3-8A02-456DC7928B14}.Release|Any CPU.ActiveCfg = Release|Any CPU
		{993DB563-4529-44C3-8A02-456DC7928B14}.Release|Any CPU.Build.0 = Release|Any CPU
	EndGlobalSection
	GlobalSection(SolutionProperties) = preSolution
		HideSolutionNode = FALSE
	EndGlobalSection
	GlobalSection(ExtensibilityGlobals) = postSolution
		SolutionGuid = {BAF4A680-889E-4D70-8CC9-BCD45B92D177}
	EndGlobalSection
EndGlobal
